
Microsoft Visual Studio Solution File, Format Version 12.00
# Visual Studio 14
VisualStudioVersion = 14.0.25420.1
MinimumVisualStudioVersion = 10.0.40219.1
Project("{2150E333-8FDC-42A3-9474-1A3956D46DE8}") = "Solution Items", "Solution Items", "{E9C0A3B4-B2A9-4A5E-A70C-DCF9205FD272}"
EndProject
Project("{FAE04EC0-301F-11D3-BF4B-00C04F79EFBC}") = "InterProcPipe", "InterProcPipe\InterProcPipe.csproj", "{6CFCA803-43F4-4A3C-AFF1-ECAB554F1B2F}"
EndProject
Project("{FAE04EC0-301F-11D3-BF4B-00C04F79EFBC}") = "NIDSLib", "nidslib\NIDSLib.csproj", "{2167D817-D0EB-4FE7-9CB9-076C05EE7152}"
EndProject
Project("{FAE04EC0-301F-11D3-BF4B-00C04F79EFBC}") = "LitePhone", "LitePhone\LitePhone.csproj", "{1561024D-40C0-4889-A30B-A95F1A65713F}"
EndProject
Project("{FAE04EC0-301F-11D3-BF4B-00C04F79EFBC}") = "GPIO.NET", "GPIO.NET\GPIO.NET.csproj", "{C4E6F2F3-1247-4C1A-BB8E-A5011031864A}"
EndProject
Project("{FAE04EC0-301F-11D3-BF4B-00C04F79EFBC}") = "superdisp", "superdisp\superdisp.csproj", "{BE0B5F70-4583-4B1A-B1A2-7AAB455763A9}"
EndProject
Project("{FAE04EC0-301F-11D3-BF4B-00C04F79EFBC}") = "sip_net", "sip_net\sip_net.csproj", "{A56CA1E2-583F-4E20-BA99-BD480263307C}"
EndProject
Project("{FAE04EC0-301F-11D3-BF4B-00C04F79EFBC}") = "NModbus4", "NModbus4\NModbus4.csproj", "{FF96B252-2B24-44A1-A09C-6401B5D7ED23}"
EndProject
Global
	GlobalSection(SolutionConfigurationPlatforms) = preSolution
		Debug|Any CPU = Debug|Any CPU
		Debug|Mixed Platforms = Debug|Mixed Platforms
		Debug|Win32 = Debug|Win32
		Debug|x86 = Debug|x86
		Release|Any CPU = Release|Any CPU
		Release|Mixed Platforms = Release|Mixed Platforms
		Release|Win32 = Release|Win32
		Release|x86 = Release|x86
	EndGlobalSection
	GlobalSection(ProjectConfigurationPlatforms) = postSolution
		{6CFCA803-43F4-4A3C-AFF1-ECAB554F1B2F}.Debug|Any CPU.ActiveCfg = Debug|Any CPU
		{6CFCA803-43F4-4A3C-AFF1-ECAB554F1B2F}.Debug|Any CPU.Build.0 = Debug|Any CPU
		{6CFCA803-43F4-4A3C-AFF1-ECAB554F1B2F}.Debug|Mixed Platforms.ActiveCfg = Debug|Any CPU
		{6CFCA803-43F4-4A3C-AFF1-ECAB554F1B2F}.Debug|Mixed Platforms.Build.0 = Debug|Any CPU
		{6CFCA803-43F4-4A3C-AFF1-ECAB554F1B2F}.Debug|Win32.ActiveCfg = Debug|Any CPU
		{6CFCA803-43F4-4A3C-AFF1-ECAB554F1B2F}.Debug|x86.ActiveCfg = Debug|Any CPU
		{6CFCA803-43F4-4A3C-AFF1-ECAB554F1B2F}.Debug|x86.Build.0 = Debug|Any CPU
		{6CFCA803-43F4-4A3C-AFF1-ECAB554F1B2F}.Release|Any CPU.ActiveCfg = Release|Any CPU
		{6CFCA803-43F4-4A3C-AFF1-ECAB554F1B2F}.Release|Any CPU.Build.0 = Release|Any CPU
		{6CFCA803-43F4-4A3C-AFF1-ECAB554F1B2F}.Release|Mixed Platforms.ActiveCfg = Release|Any CPU
		{6CFCA803-43F4-4A3C-AFF1-ECAB554F1B2F}.Release|Mixed Platforms.Build.0 = Release|Any CPU
		{6CFCA803-43F4-4A3C-AFF1-ECAB554F1B2F}.Release|Win32.ActiveCfg = Release|Any CPU
		{6CFCA803-43F4-4A3C-AFF1-ECAB554F1B2F}.Release|x86.ActiveCfg = Release|Any CPU
		{6CFCA803-43F4-4A3C-AFF1-ECAB554F1B2F}.Release|x86.Build.0 = Release|Any CPU
		{2167D817-D0EB-4FE7-9CB9-076C05EE7152}.Debug|Any CPU.ActiveCfg = Debug|Any CPU
		{2167D817-D0EB-4FE7-9CB9-076C05EE7152}.Debug|Any CPU.Build.0 = Debug|Any CPU
		{2167D817-D0EB-4FE7-9CB9-076C05EE7152}.Debug|Mixed Platforms.ActiveCfg = Debug|Any CPU
		{2167D817-D0EB-4FE7-9CB9-076C05EE7152}.Debug|Mixed Platforms.Build.0 = Debug|Any CPU
		{2167D817-D0EB-4FE7-9CB9-076C05EE7152}.Debug|Win32.ActiveCfg = Debug|Any CPU
		{2167D817-D0EB-4FE7-9CB9-076C05EE7152}.Debug|x86.ActiveCfg = Debug|Any CPU
		{2167D817-D0EB-4FE7-9CB9-076C05EE7152}.Debug|x86.Build.0 = Debug|Any CPU
		{2167D817-D0EB-4FE7-9CB9-076C05EE7152}.Release|Any CPU.ActiveCfg = Release|Any CPU
		{2167D817-D0EB-4FE7-9CB9-076C05EE7152}.Release|Any CPU.Build.0 = Release|Any CPU
		{2167D817-D0EB-4FE7-9CB9-076C05EE7152}.Release|Mixed Platforms.ActiveCfg = Release|Any CPU
		{2167D817-D0EB-4FE7-9CB9-076C05EE7152}.Release|Mixed Platforms.Build.0 = Release|Any CPU
		{2167D817-D0EB-4FE7-9CB9-076C05EE7152}.Release|Win32.ActiveCfg = Release|Any CPU
		{2167D817-D0EB-4FE7-9CB9-076C05EE7152}.Release|x86.ActiveCfg = Release|Any CPU
		{2167D817-D0EB-4FE7-9CB9-076C05EE7152}.Release|x86.Build.0 = Release|Any CPU
		{1561024D-40C0-4889-A30B-A95F1A65713F}.Debug|Any CPU.ActiveCfg = Debug|Any CPU
		{1561024D-40C0-4889-A30B-A95F1A65713F}.Debug|Any CPU.Build.0 = Debug|Any CPU
		{1561024D-40C0-4889-A30B-A95F1A65713F}.Debug|Mixed Platforms.ActiveCfg = Debug|x86
		{1561024D-40C0-4889-A30B-A95F1A65713F}.Debug|Mixed Platforms.Build.0 = Debug|x86
		{1561024D-40C0-4889-A30B-A95F1A65713F}.Debug|Win32.ActiveCfg = Debug|x86
		{1561024D-40C0-4889-A30B-A95F1A65713F}.Debug|x86.ActiveCfg = Debug|x86
		{1561024D-40C0-4889-A30B-A95F1A65713F}.Debug|x86.Build.0 = Debug|x86
		{1561024D-40C0-4889-A30B-A95F1A65713F}.Release|Any CPU.ActiveCfg = Release|Any CPU
		{1561024D-40C0-4889-A30B-A95F1A65713F}.Release|Any CPU.Build.0 = Release|Any CPU
		{1561024D-40C0-4889-A30B-A95F1A65713F}.Release|Mixed Platforms.ActiveCfg = Release|x86
		{1561024D-40C0-4889-A30B-A95F1A65713F}.Release|Mixed Platforms.Build.0 = Release|x86
		{1561024D-40C0-4889-A30B-A95F1A65713F}.Release|Win32.ActiveCfg = Release|x86
		{1561024D-40C0-4889-A30B-A95F1A65713F}.Release|x86.ActiveCfg = Release|x86
		{1561024D-40C0-4889-A30B-A95F1A65713F}.Release|x86.Build.0 = Release|x86
		{C4E6F2F3-1247-4C1A-BB8E-A5011031864A}.Debug|Any CPU.ActiveCfg = Debug|Any CPU
		{C4E6F2F3-1247-4C1A-BB8E-A5011031864A}.Debug|Any CPU.Build.0 = Debug|Any CPU
		{C4E6F2F3-1247-4C1A-BB8E-A5011031864A}.Debug|Mixed Platforms.ActiveCfg = Debug|Any CPU
		{C4E6F2F3-1247-4C1A-BB8E-A5011031864A}.Debug|Mixed Platforms.Build.0 = Debug|Any CPU
		{C4E6F2F3-1247-4C1A-BB8E-A5011031864A}.Debug|Win32.ActiveCfg = Debug|Any CPU
		{C4E6F2F3-1247-4C1A-BB8E-A5011031864A}.Debug|x86.ActiveCfg = Debug|Any CPU
		{C4E6F2F3-1247-4C1A-BB8E-A5011031864A}.Debug|x86.Build.0 = Debug|Any CPU
		{C4E6F2F3-1247-4C1A-BB8E-A5011031864A}.Release|Any CPU.ActiveCfg = Release|Any CPU
		{C4E6F2F3-1247-4C1A-BB8E-A5011031864A}.Release|Any CPU.Build.0 = Release|Any CPU
		{C4E6F2F3-1247-4C1A-BB8E-A5011031864A}.Release|Mixed Platforms.ActiveCfg = Release|Any CPU
		{C4E6F2F3-1247-4C1A-BB8E-A5011031864A}.Release|Mixed Platforms.Build.0 = Release|Any CPU
		{C4E6F2F3-1247-4C1A-BB8E-A5011031864A}.Release|Win32.ActiveCfg = Release|Any CPU
		{C4E6F2F3-1247-4C1A-BB8E-A5011031864A}.Release|x86.ActiveCfg = Release|Any CPU
		{C4E6F2F3-1247-4C1A-BB8E-A5011031864A}.Release|x86.Build.0 = Release|Any CPU
		{BE0B5F70-4583-4B1A-B1A2-7AAB455763A9}.Debug|Any CPU.ActiveCfg = Debug|x86
		{BE0B5F70-4583-4B1A-B1A2-7AAB455763A9}.Debug|Mixed Platforms.ActiveCfg = Debug|x86
		{BE0B5F70-4583-4B1A-B1A2-7AAB455763A9}.Debug|Mixed Platforms.Build.0 = Debug|x86
		{BE0B5F70-4583-4B1A-B1A2-7AAB455763A9}.Debug|Win32.ActiveCfg = Debug|x86
		{BE0B5F70-4583-4B1A-B1A2-7AAB455763A9}.Debug|Win32.Build.0 = Debug|x86
		{BE0B5F70-4583-4B1A-B1A2-7AAB455763A9}.Debug|x86.ActiveCfg = Debug|x86
		{BE0B5F70-4583-4B1A-B1A2-7AAB455763A9}.Debug|x86.Build.0 = Debug|x86
		{BE0B5F70-4583-4B1A-B1A2-7AAB455763A9}.Release|Any CPU.ActiveCfg = Release|x86
		{BE0B5F70-4583-4B1A-B1A2-7AAB455763A9}.Release|Mixed Platforms.ActiveCfg = Release|x86
		{BE0B5F70-4583-4B1A-B1A2-7AAB455763A9}.Release|Mixed Platforms.Build.0 = Release|x86
		{BE0B5F70-4583-4B1A-B1A2-7AAB455763A9}.Release|Win32.ActiveCfg = Release|x86
		{BE0B5F70-4583-4B1A-B1A2-7AAB455763A9}.Release|Win32.Build.0 = Release|x86
		{BE0B5F70-4583-4B1A-B1A2-7AAB455763A9}.Release|x86.ActiveCfg = Release|x86
		{BE0B5F70-4583-4B1A-B1A2-7AAB455763A9}.Release|x86.Build.0 = Release|x86
		{A56CA1E2-583F-4E20-BA99-BD480263307C}.Debug|Any CPU.ActiveCfg = Debug|Any CPU
		{A56CA1E2-583F-4E20-BA99-BD480263307C}.Debug|Any CPU.Build.0 = Debug|Any CPU
		{A56CA1E2-583F-4E20-BA99-BD480263307C}.Debug|Mixed Platforms.ActiveCfg = Debug|Any CPU
		{A56CA1E2-583F-4E20-BA99-BD480263307C}.Debug|Mixed Platforms.Build.0 = Debug|Any CPU
		{A56CA1E2-583F-4E20-BA99-BD480263307C}.Debug|Win32.ActiveCfg = Debug|Any CPU
		{A56CA1E2-583F-4E20-BA99-BD480263307C}.Debug|x86.ActiveCfg = Debug|Any CPU
		{A56CA1E2-583F-4E20-BA99-BD480263307C}.Release|Any CPU.ActiveCfg = Release|Any CPU
		{A56CA1E2-583F-4E20-BA99-BD480263307C}.Release|Any CPU.Build.0 = Release|Any CPU
		{A56CA1E2-583F-4E20-BA99-BD480263307C}.Release|Mixed Platforms.ActiveCfg = Release|Any CPU
		{A56CA1E2-583F-4E20-BA99-BD480263307C}.Release|Mixed Platforms.Build.0 = Release|Any CPU
		{A56CA1E2-583F-4E20-BA99-BD480263307C}.Release|Win32.ActiveCfg = Release|Any CPU
		{A56CA1E2-583F-4E20-BA99-BD480263307C}.Release|x86.ActiveCfg = Release|Any CPU
		{FF96B252-2B24-44A1-A09C-6401B5D7ED23}.Debug|Any CPU.ActiveCfg = Debug|Any CPU
		{FF96B252-2B24-44A1-A09C-6401B5D7ED23}.Debug|Any CPU.Build.0 = Debug|Any CPU
		{FF96B252-2B24-44A1-A09C-6401B5D7ED23}.Debug|Mixed Platforms.ActiveCfg = Debug|Any CPU
		{FF96B252-2B24-44A1-A09C-6401B5D7ED23}.Debug|Mixed Platforms.Build.0 = Debug|Any CPU
		{FF96B252-2B24-44A1-A09C-6401B5D7ED23}.Debug|Win32.ActiveCfg = Debug|Any CPU
		{FF96B252-2B24-44A1-A09C-6401B5D7ED23}.Debug|Win32.Build.0 = Debug|Any CPU
		{FF96B252-2B24-44A1-A09C-6401B5D7ED23}.Debug|x86.ActiveCfg = Debug|Any CPU
		{FF96B252-2B24-44A1-A09C-6401B5D7ED23}.Debug|x86.Build.0 = Debug|Any CPU
		{FF96B252-2B24-44A1-A09C-6401B5D7ED23}.Release|Any CPU.ActiveCfg = Release|Any CPU
		{FF96B252-2B24-44A1-A09C-6401B5D7ED23}.Release|Any CPU.Build.0 = Release|Any CPU
		{FF96B252-2B24-44A1-A09C-6401B5D7ED23}.Release|Mixed Platforms.ActiveCfg = Release|Any CPU
		{FF96B252-2B24-44A1-A09C-6401B5D7ED23}.Release|Mixed Platforms.Build.0 = Release|Any CPU
		{FF96B252-2B24-44A1-A09C-6401B5D7ED23}.Release|Win32.ActiveCfg = Release|Any CPU
		{FF96B252-2B24-44A1-A09C-6401B5D7ED23}.Release|Win32.Build.0 = Release|Any CPU
		{FF96B252-2B24-44A1-A09C-6401B5D7ED23}.Release|x86.ActiveCfg = Release|Any CPU
		{FF96B252-2B24-44A1-A09C-6401B5D7ED23}.Release|x86.Build.0 = Release|Any CPU
	EndGlobalSection
	GlobalSection(SolutionProperties) = preSolution
		HideSolutionNode = FALSE
	EndGlobalSection
	GlobalSection(TestCaseManagementSettings) = postSolution
		CategoryFile = SupernovaDispatcher.vsmdi
	EndGlobalSection
EndGlobal
